
Microsoft Visual Studio Solution File, Format Version 12.00
# Visual Studio Version 17
VisualStudioVersion = 17.2.32630.192
MinimumVisualStudioVersion = 10.0.40219.1
Project("{9A19103F-16F7-4668-BE54-9A1E7A4F7556}") = "Client", "Client\Client.csproj", "{BA9E4B22-D005-44FD-B58C-E3A0EAA82F6B}"
EndProject
Project("{FAE04EC0-301F-11D3-BF4B-00C04F79EFBC}") = "ConnectionComponents", "..\ConnectionComponents\ConnectionComponents.csproj", "{AA28E495-1E8D-42D7-B13A-F9E4930ED716}"
EndProject
Global
	GlobalSection(SolutionConfigurationPlatforms) = preSolution
		Debug|Any CPU = Debug|Any CPU
		Release|Any CPU = Release|Any CPU
	EndGlobalSection
	GlobalSection(ProjectConfigurationPlatforms) = postSolution
		{BA9E4B22-D005-44FD-B58C-E3A0EAA82F6B}.Debug|Any CPU.ActiveCfg = Debug|Any CPU
		{BA9E4B22-D005-44FD-B58C-E3A0EAA82F6B}.Debug|Any CPU.Build.0 = Debug|Any CPU
		{BA9E4B22-D005-44FD-B58C-E3A0EAA82F6B}.Release|Any CPU.ActiveCfg = Release|Any CPU
		{BA9E4B22-D005-44FD-B58C-E3A0EAA82F6B}.Release|Any CPU.Build.0 = Release|Any CPU
		{AA28E495-1E8D-42D7-B13A-F9E4930ED716}.Debug|Any CPU.ActiveCfg = Debug|Any CPU
		{AA28E495-1E8D-42D7-B13A-F9E4930ED716}.Debug|Any CPU.Build.0 = Debug|Any CPU
		{AA28E495-1E8D-42D7-B13A-F9E4930ED716}.Release|Any CPU.ActiveCfg = Release|Any CPU
		{AA28E495-1E8D-42D7-B13A-F9E4930ED716}.Release|Any CPU.Build.0 = Release|Any CPU
	EndGlobalSection
	GlobalSection(SolutionProperties) = preSolution
		HideSolutionNode = FALSE
	EndGlobalSection
	GlobalSection(ExtensibilityGlobals) = postSolution
		SolutionGuid = {1FEDBF19-F327-4981-916A-D7275E3F7C7D}
	EndGlobalSection
EndGlobal
