
Microsoft Visual Studio Solution File, Format Version 12.00
# Visual Studio Version 17
VisualStudioVersion = 17.2.32630.192
MinimumVisualStudioVersion = 10.0.40219.1
Project("{FAE04EC0-301F-11D3-BF4B-00C04F79EFBC}") = "Server", "Server\Server.csproj", "{6125B0A0-FC83-4FC8-A54E-757FFCB1028D}"
EndProject
Global
	GlobalSection(SolutionConfigurationPlatforms) = preSolution
		Debug|Any CPU = Debug|Any CPU
		Release|Any CPU = Release|Any CPU
	EndGlobalSection
	GlobalSection(ProjectConfigurationPlatforms) = postSolution
		{6125B0A0-FC83-4FC8-A54E-757FFCB1028D}.Debug|Any CPU.ActiveCfg = Debug|Any CPU
		{6125B0A0-FC83-4FC8-A54E-757FFCB1028D}.Debug|Any CPU.Build.0 = Debug|Any CPU
		{6125B0A0-FC83-4FC8-A54E-757FFCB1028D}.Release|Any CPU.ActiveCfg = Release|Any CPU
		{6125B0A0-FC83-4FC8-A54E-757FFCB1028D}.Release|Any CPU.Build.0 = Release|Any CPU
	EndGlobalSection
	GlobalSection(SolutionProperties) = preSolution
		HideSolutionNode = FALSE
	EndGlobalSection
	GlobalSection(ExtensibilityGlobals) = postSolution
		SolutionGuid = {0A9B3D99-91B7-4D9E-92D6-448DCBBC2DC8}
	EndGlobalSection
EndGlobal
